// !$*UTF8*$!
{
	archiveVersion = 1;
	classes = {
	};
	objectVersion = 55;
	objects = {

/* Begin PBXBuildFile section */
		84B81AD02862EA70006B045E /* AppDelegate.swift in Sources */ = {isa = PBXBuildFile; fileRef = 84B81ACF2862EA70006B045E /* AppDelegate.swift */; };
		84B81AD22862EA70006B045E /* SceneDelegate.swift in Sources */ = {isa = PBXBuildFile; fileRef = 84B81AD12862EA70006B045E /* SceneDelegate.swift */; };
		84B81AD42862EA70006B045E /* ViewController.swift in Sources */ = {isa = PBXBuildFile; fileRef = 84B81AD32862EA70006B045E /* ViewController.swift */; };
		84B81AD92862EA72006B045E /* Assets.xcassets in Resources */ = {isa = PBXBuildFile; fileRef = 84B81AD82862EA72006B045E /* Assets.xcassets */; };
		84B81ADC2862EA72006B045E /* LaunchScreen.storyboard in Resources */ = {isa = PBXBuildFile; fileRef = 84B81ADA2862EA72006B045E /* LaunchScreen.storyboard */; };
		84B81AE428648561006B045E /* DetailViewController.swift in Sources */ = {isa = PBXBuildFile; fileRef = 84B81AE328648561006B045E /* DetailViewController.swift */; };
		84B81AE6286485B3006B045E /* MoviesWorker.swift in Sources */ = {isa = PBXBuildFile; fileRef = 84B81AE5286485B3006B045E /* MoviesWorker.swift */; };
		84B81AE8286485D2006B045E /* ImageWorker.swift in Sources */ = {isa = PBXBuildFile; fileRef = 84B81AE7286485D2006B045E /* ImageWorker.swift */; };
		84B81AEA286485E7006B045E /* CacheStore.swift in Sources */ = {isa = PBXBuildFile; fileRef = 84B81AE9286485E7006B045E /* CacheStore.swift */; };
		84B81AEC28648604006B045E /* TopMoviesResponseModel.swift in Sources */ = {isa = PBXBuildFile; fileRef = 84B81AEB28648604006B045E /* TopMoviesResponseModel.swift */; };
		84B81AEE28648612006B045E /* ItemModel.swift in Sources */ = {isa = PBXBuildFile; fileRef = 84B81AED28648612006B045E /* ItemModel.swift */; };
		84B81AF028648621006B045E /* Constants.swift in Sources */ = {isa = PBXBuildFile; fileRef = 84B81AEF28648621006B045E /* Constants.swift */; };
		84B81AF22864863B006B045E /* MovieCollectionViewCell.swift in Sources */ = {isa = PBXBuildFile; fileRef = 84B81AF12864863B006B045E /* MovieCollectionViewCell.swift */; };
		84B81AF42864864E006B045E /* SearchCollectionReusableView.swift in Sources */ = {isa = PBXBuildFile; fileRef = 84B81AF32864864E006B045E /* SearchCollectionReusableView.swift */; };
		84B81AF628648674006B045E /* UIView+Extenstions.swift in Sources */ = {isa = PBXBuildFile; fileRef = 84B81AF528648674006B045E /* UIView+Extenstions.swift */; };
		84B81AF828648686006B045E /* CGFloat+Extensions.swift in Sources */ = {isa = PBXBuildFile; fileRef = 84B81AF728648686006B045E /* CGFloat+Extensions.swift */; };
		84B81AFA2864869E006B045E /* CompletionResultHandler.swift in Sources */ = {isa = PBXBuildFile; fileRef = 84B81AF92864869E006B045E /* CompletionResultHandler.swift */; };
/* End PBXBuildFile section */

/* Begin PBXFileReference section */
		84B81ACC2862EA70006B045E /* JatAppTest.app */ = {isa = PBXFileReference; explicitFileType = wrapper.application; includeInIndex = 0; path = JatAppTest.app; sourceTree = BUILT_PRODUCTS_DIR; };
		84B81ACF2862EA70006B045E /* AppDelegate.swift */ = {isa = PBXFileReference; lastKnownFileType = sourcecode.swift; path = AppDelegate.swift; sourceTree = "<group>"; };
		84B81AD12862EA70006B045E /* SceneDelegate.swift */ = {isa = PBXFileReference; lastKnownFileType = sourcecode.swift; path = SceneDelegate.swift; sourceTree = "<group>"; };
		84B81AD32862EA70006B045E /* ViewController.swift */ = {isa = PBXFileReference; lastKnownFileType = sourcecode.swift; path = ViewController.swift; sourceTree = "<group>"; };
		84B81AD82862EA72006B045E /* Assets.xcassets */ = {isa = PBXFileReference; lastKnownFileType = folder.assetcatalog; path = Assets.xcassets; sourceTree = "<group>"; };
		84B81ADB2862EA72006B045E /* Base */ = {isa = PBXFileReference; lastKnownFileType = file.storyboard; name = Base; path = Base.lproj/LaunchScreen.storyboard; sourceTree = "<group>"; };
		84B81ADD2862EA72006B045E /* Info.plist */ = {isa = PBXFileReference; lastKnownFileType = text.plist.xml; path = Info.plist; sourceTree = "<group>"; };
		84B81AE328648561006B045E /* DetailViewController.swift */ = {isa = PBXFileReference; lastKnownFileType = sourcecode.swift; path = DetailViewController.swift; sourceTree = "<group>"; };
		84B81AE5286485B3006B045E /* MoviesWorker.swift */ = {isa = PBXFileReference; lastKnownFileType = sourcecode.swift; path = MoviesWorker.swift; sourceTree = "<group>"; };
		84B81AE7286485D2006B045E /* ImageWorker.swift */ = {isa = PBXFileReference; lastKnownFileType = sourcecode.swift; path = ImageWorker.swift; sourceTree = "<group>"; };
		84B81AE9286485E7006B045E /* CacheStore.swift */ = {isa = PBXFileReference; lastKnownFileType = sourcecode.swift; path = CacheStore.swift; sourceTree = "<group>"; };
		84B81AEB28648604006B045E /* TopMoviesResponseModel.swift */ = {isa = PBXFileReference; lastKnownFileType = sourcecode.swift; path = TopMoviesResponseModel.swift; sourceTree = "<group>"; };
		84B81AED28648612006B045E /* ItemModel.swift */ = {isa = PBXFileReference; lastKnownFileType = sourcecode.swift; path = ItemModel.swift; sourceTree = "<group>"; };
		84B81AEF28648621006B045E /* Constants.swift */ = {isa = PBXFileReference; lastKnownFileType = sourcecode.swift; path = Constants.swift; sourceTree = "<group>"; };
		84B81AF12864863B006B045E /* MovieCollectionViewCell.swift */ = {isa = PBXFileReference; lastKnownFileType = sourcecode.swift; path = MovieCollectionViewCell.swift; sourceTree = "<group>"; };
		84B81AF32864864E006B045E /* SearchCollectionReusableView.swift */ = {isa = PBXFileReference; lastKnownFileType = sourcecode.swift; path = SearchCollectionReusableView.swift; sourceTree = "<group>"; };
		84B81AF528648674006B045E /* UIView+Extenstions.swift */ = {isa = PBXFileReference; lastKnownFileType = sourcecode.swift; path = "UIView+Extenstions.swift"; sourceTree = "<group>"; };
		84B81AF728648686006B045E /* CGFloat+Extensions.swift */ = {isa = PBXFileReference; lastKnownFileType = sourcecode.swift; path = "CGFloat+Extensions.swift"; sourceTree = "<group>"; };
		84B81AF92864869E006B045E /* CompletionResultHandler.swift */ = {isa = PBXFileReference; lastKnownFileType = sourcecode.swift; path = CompletionResultHandler.swift; sourceTree = "<group>"; };
/* End PBXFileReference section */

/* Begin PBXFrameworksBuildPhase section */
		84B81AC92862EA70006B045E /* Frameworks */ = {
			isa = PBXFrameworksBuildPhase;
			buildActionMask = 2147483647;
			files = (
			);
			runOnlyForDeploymentPostprocessing = 0;
		};
/* End PBXFrameworksBuildPhase section */

/* Begin PBXGroup section */
		84B81AC32862EA70006B045E = {
			isa = PBXGroup;
			children = (
				84B81ACE2862EA70006B045E /* JatAppTest */,
				84B81ACD2862EA70006B045E /* Products */,
			);
			sourceTree = "<group>";
		};
		84B81ACD2862EA70006B045E /* Products */ = {
			isa = PBXGroup;
			children = (
				84B81ACC2862EA70006B045E /* JatAppTest.app */,
			);
			name = Products;
			sourceTree = "<group>";
		};
		84B81ACE2862EA70006B045E /* JatAppTest */ = {
			isa = PBXGroup;
			children = (
				84B81ACF2862EA70006B045E /* AppDelegate.swift */,
				84B81AD12862EA70006B045E /* SceneDelegate.swift */,
				84B81AFB2864895B006B045E /* Controllers */,
				84B81AFE28648980006B045E /* Helpers */,
				84B81AFC28648969006B045E /* Extensions */,
				84B81AFD28648975006B045E /* Views */,
				84B81AFF28648988006B045E /* Models */,
				84B81B0028648995006B045E /* Stores */,
				84B81B012864899D006B045E /* Workers */,
				84B81AD82862EA72006B045E /* Assets.xcassets */,
				84B81ADA2862EA72006B045E /* LaunchScreen.storyboard */,
				84B81ADD2862EA72006B045E /* Info.plist */,
			);
			path = JatAppTest;
			sourceTree = "<group>";
		};
		84B81AFB2864895B006B045E /* Controllers */ = {
			isa = PBXGroup;
			children = (
				84B81AD32862EA70006B045E /* ViewController.swift */,
				84B81AE328648561006B045E /* DetailViewController.swift */,
			);
			path = Controllers;
			sourceTree = "<group>";
		};
		84B81AFC28648969006B045E /* Extensions */ = {
			isa = PBXGroup;
			children = (
				84B81AF728648686006B045E /* CGFloat+Extensions.swift */,
				84B81AF528648674006B045E /* UIView+Extenstions.swift */,
			);
			path = Extensions;
			sourceTree = "<group>";
		};
		84B81AFD28648975006B045E /* Views */ = {
			isa = PBXGroup;
			children = (
				84B81AF32864864E006B045E /* SearchCollectionReusableView.swift */,
				84B81AF12864863B006B045E /* MovieCollectionViewCell.swift */,
			);
			path = Views;
			sourceTree = "<group>";
		};
		84B81AFE28648980006B045E /* Helpers */ = {
			isa = PBXGroup;
			children = (
				84B81AF92864869E006B045E /* CompletionResultHandler.swift */,
				84B81AEF28648621006B045E /* Constants.swift */,
			);
			path = Helpers;
			sourceTree = "<group>";
		};
		84B81AFF28648988006B045E /* Models */ = {
			isa = PBXGroup;
			children = (
				84B81AED28648612006B045E /* ItemModel.swift */,
				84B81AEB28648604006B045E /* TopMoviesResponseModel.swift */,
			);
			path = Models;
			sourceTree = "<group>";
		};
		84B81B0028648995006B045E /* Stores */ = {
			isa = PBXGroup;
			children = (
				84B81AE9286485E7006B045E /* CacheStore.swift */,
			);
			path = Stores;
			sourceTree = "<group>";
		};
		84B81B012864899D006B045E /* Workers */ = {
			isa = PBXGroup;
			children = (
				84B81AE7286485D2006B045E /* ImageWorker.swift */,
				84B81AE5286485B3006B045E /* MoviesWorker.swift */,
			);
			path = Workers;
			sourceTree = "<group>";
		};
/* End PBXGroup section */

/* Begin PBXNativeTarget section */
		84B81ACB2862EA70006B045E /* JatAppTest */ = {
			isa = PBXNativeTarget;
			buildConfigurationList = 84B81AE02862EA72006B045E /* Build configuration list for PBXNativeTarget "JatAppTest" */;
			buildPhases = (
				84B81AC82862EA70006B045E /* Sources */,
				84B81AC92862EA70006B045E /* Frameworks */,
				84B81ACA2862EA70006B045E /* Resources */,
			);
			buildRules = (
			);
			dependencies = (
			);
			name = JatAppTest;
			productName = JatAppTest;
			productReference = 84B81ACC2862EA70006B045E /* JatAppTest.app */;
			productType = "com.apple.product-type.application";
		};
/* End PBXNativeTarget section */

/* Begin PBXProject section */
		84B81AC42862EA70006B045E /* Project object */ = {
			isa = PBXProject;
			attributes = {
				BuildIndependentTargetsInParallel = 1;
				LastSwiftUpdateCheck = 1340;
				LastUpgradeCheck = 1340;
				TargetAttributes = {
					84B81ACB2862EA70006B045E = {
						CreatedOnToolsVersion = 13.4.1;
					};
				};
			};
			buildConfigurationList = 84B81AC72862EA70006B045E /* Build configuration list for PBXProject "JatAppTest" */;
			compatibilityVersion = "Xcode 13.0";
			developmentRegion = en;
			hasScannedForEncodings = 0;
			knownRegions = (
				en,
				Base,
			);
			mainGroup = 84B81AC32862EA70006B045E;
			productRefGroup = 84B81ACD2862EA70006B045E /* Products */;
			projectDirPath = "";
			projectRoot = "";
			targets = (
				84B81ACB2862EA70006B045E /* JatAppTest */,
			);
		};
/* End PBXProject section */

/* Begin PBXResourcesBuildPhase section */
		84B81ACA2862EA70006B045E /* Resources */ = {
			isa = PBXResourcesBuildPhase;
			buildActionMask = 2147483647;
			files = (
				84B81ADC2862EA72006B045E /* LaunchScreen.storyboard in Resources */,
				84B81AD92862EA72006B045E /* Assets.xcassets in Resources */,
			);
			runOnlyForDeploymentPostprocessing = 0;
		};
/* End PBXResourcesBuildPhase section */

/* Begin PBXSourcesBuildPhase section */
		84B81AC82862EA70006B045E /* Sources */ = {
			isa = PBXSourcesBuildPhase;
			buildActionMask = 2147483647;
			files = (
				84B81AD42862EA70006B045E /* ViewController.swift in Sources */,
				84B81AD02862EA70006B045E /* AppDelegate.swift in Sources */,
				84B81AF828648686006B045E /* CGFloat+Extensions.swift in Sources */,
				84B81AE6286485B3006B045E /* MoviesWorker.swift in Sources */,
				84B81AEE28648612006B045E /* ItemModel.swift in Sources */,
				84B81AD22862EA70006B045E /* SceneDelegate.swift in Sources */,
				84B81AEA286485E7006B045E /* CacheStore.swift in Sources */,
				84B81AEC28648604006B045E /* TopMoviesResponseModel.swift in Sources */,
				84B81AF028648621006B045E /* Constants.swift in Sources */,
				84B81AF22864863B006B045E /* MovieCollectionViewCell.swift in Sources */,
				84B81AF628648674006B045E /* UIView+Extenstions.swift in Sources */,
				84B81AFA2864869E006B045E /* CompletionResultHandler.swift in Sources */,
				84B81AF42864864E006B045E /* SearchCollectionReusableView.swift in Sources */,
				84B81AE428648561006B045E /* DetailViewController.swift in Sources */,
				84B81AE8286485D2006B045E /* ImageWorker.swift in Sources */,
			);
			runOnlyForDeploymentPostprocessing = 0;
		};
/* End PBXSourcesBuildPhase section */

/* Begin PBXVariantGroup section */
		84B81ADA2862EA72006B045E /* LaunchScreen.storyboard */ = {
			isa = PBXVariantGroup;
			children = (
				84B81ADB2862EA72006B045E /* Base */,
			);
			name = LaunchScreen.storyboard;
			sourceTree = "<group>";
		};
/* End PBXVariantGroup section */

/* Begin XCBuildConfiguration section */
		84B81ADE2862EA72006B045E /* Debug */ = {
			isa = XCBuildConfiguration;
			buildSettings = {
				ALWAYS_SEARCH_USER_PATHS = NO;
				CLANG_ANALYZER_NONNULL = YES;
				CLANG_ANALYZER_NUMBER_OBJECT_CONVERSION = YES_AGGRESSIVE;
				CLANG_CXX_LANGUAGE_STANDARD = "gnu++17";
				CLANG_ENABLE_MODULES = YES;
				CLANG_ENABLE_OBJC_ARC = YES;
				CLANG_ENABLE_OBJC_WEAK = YES;
				CLANG_WARN_BLOCK_CAPTURE_AUTORELEASING = YES;
				CLANG_WARN_BOOL_CONVERSION = YES;
				CLANG_WARN_COMMA = YES;
				CLANG_WARN_CONSTANT_CONVERSION = YES;
				CLANG_WARN_DEPRECATED_OBJC_IMPLEMENTATIONS = YES;
				CLANG_WARN_DIRECT_OBJC_ISA_USAGE = YES_ERROR;
				CLANG_WARN_DOCUMENTATION_COMMENTS = YES;
				CLANG_WARN_EMPTY_BODY = YES;
				CLANG_WARN_ENUM_CONVERSION = YES;
				CLANG_WARN_INFINITE_RECURSION = YES;
				CLANG_WARN_INT_CONVERSION = YES;
				CLANG_WARN_NON_LITERAL_NULL_CONVERSION = YES;
				CLANG_WARN_OBJC_IMPLICIT_RETAIN_SELF = YES;
				CLANG_WARN_OBJC_LITERAL_CONVERSION = YES;
				CLANG_WARN_OBJC_ROOT_CLASS = YES_ERROR;
				CLANG_WARN_QUOTED_INCLUDE_IN_FRAMEWORK_HEADER = YES;
				CLANG_WARN_RANGE_LOOP_ANALYSIS = YES;
				CLANG_WARN_STRICT_PROTOTYPES = YES;
				CLANG_WARN_SUSPICIOUS_MOVE = YES;
				CLANG_WARN_UNGUARDED_AVAILABILITY = YES_AGGRESSIVE;
				CLANG_WARN_UNREACHABLE_CODE = YES;
				CLANG_WARN__DUPLICATE_METHOD_MATCH = YES;
				COPY_PHASE_STRIP = NO;
				DEBUG_INFORMATION_FORMAT = dwarf;
				ENABLE_STRICT_OBJC_MSGSEND = YES;
				ENABLE_TESTABILITY = YES;
				GCC_C_LANGUAGE_STANDARD = gnu11;
				GCC_DYNAMIC_NO_PIC = NO;
				GCC_NO_COMMON_BLOCKS = YES;
				GCC_OPTIMIZATION_LEVEL = 0;
				GCC_PREPROCESSOR_DEFINITIONS = (
					"DEBUG=1",
					"$(inherited)",
				);
				GCC_WARN_64_TO_32_BIT_CONVERSION = YES;
				GCC_WARN_ABOUT_RETURN_TYPE = YES_ERROR;
				GCC_WARN_UNDECLARED_SELECTOR = YES;
				GCC_WARN_UNINITIALIZED_AUTOS = YES_AGGRESSIVE;
				GCC_WARN_UNUSED_FUNCTION = YES;
				GCC_WARN_UNUSED_VARIABLE = YES;
				IPHONEOS_DEPLOYMENT_TARGET = 15.5;
				MTL_ENABLE_DEBUG_INFO = INCLUDE_SOURCE;
				MTL_FAST_MATH = YES;
				ONLY_ACTIVE_ARCH = YES;
				SDKROOT = iphoneos;
				SWIFT_ACTIVE_COMPILATION_CONDITIONS = DEBUG;
				SWIFT_OPTIMIZATION_LEVEL = "-Onone";
			};
			name = Debug;
		};
		84B81ADF2862EA72006B045E /* Release */ = {
			isa = XCBuildConfiguration;
			buildSettings = {
				ALWAYS_SEARCH_USER_PATHS = NO;
				CLANG_ANALYZER_NONNULL = YES;
				CLANG_ANALYZER_NUMBER_OBJECT_CONVERSION = YES_AGGRESSIVE;
				CLANG_CXX_LANGUAGE_STANDARD = "gnu++17";
				CLANG_ENABLE_MODULES = YES;
				CLANG_ENABLE_OBJC_ARC = YES;
				CLANG_ENABLE_OBJC_WEAK = YES;
				CLANG_WARN_BLOCK_CAPTURE_AUTORELEASING = YES;
				CLANG_WARN_BOOL_CONVERSION = YES;
				CLANG_WARN_COMMA = YES;
				CLANG_WARN_CONSTANT_CONVERSION = YES;
				CLANG_WARN_DEPRECATED_OBJC_IMPLEMENTATIONS = YES;
				CLANG_WARN_DIRECT_OBJC_ISA_USAGE = YES_ERROR;
				CLANG_WARN_DOCUMENTATION_COMMENTS = YES;
				CLANG_WARN_EMPTY_BODY = YES;
				CLANG_WARN_ENUM_CONVERSION = YES;
				CLANG_WARN_INFINITE_RECURSION = YES;
				CLANG_WARN_INT_CONVERSION = YES;
				CLANG_WARN_NON_LITERAL_NULL_CONVERSION = YES;
				CLANG_WARN_OBJC_IMPLICIT_RETAIN_SELF = YES;
				CLANG_WARN_OBJC_LITERAL_CONVERSION = YES;
				CLANG_WARN_OBJC_ROOT_CLASS = YES_ERROR;
				CLANG_WARN_QUOTED_INCLUDE_IN_FRAMEWORK_HEADER = YES;
				CLANG_WARN_RANGE_LOOP_ANALYSIS = YES;
				CLANG_WARN_STRICT_PROTOTYPES = YES;
				CLANG_WARN_SUSPICIOUS_MOVE = YES;
				CLANG_WARN_UNGUARDED_AVAILABILITY = YES_AGGRESSIVE;
				CLANG_WARN_UNREACHABLE_CODE = YES;
				CLANG_WARN__DUPLICATE_METHOD_MATCH = YES;
				COPY_PHASE_STRIP = NO;
				DEBUG_INFORMATION_FORMAT = "dwarf-with-dsym";
				ENABLE_NS_ASSERTIONS = NO;
				ENABLE_STRICT_OBJC_MSGSEND = YES;
				GCC_C_LANGUAGE_STANDARD = gnu11;
				GCC_NO_COMMON_BLOCKS = YES;
				GCC_WARN_64_TO_32_BIT_CONVERSION = YES;
				GCC_WARN_ABOUT_RETURN_TYPE = YES_ERROR;
				GCC_WARN_UNDECLARED_SELECTOR = YES;
				GCC_WARN_UNINITIALIZED_AUTOS = YES_AGGRESSIVE;
				GCC_WARN_UNUSED_FUNCTION = YES;
				GCC_WARN_UNUSED_VARIABLE = YES;
				IPHONEOS_DEPLOYMENT_TARGET = 15.5;
				MTL_ENABLE_DEBUG_INFO = NO;
				MTL_FAST_MATH = YES;
				SDKROOT = iphoneos;
				SWIFT_COMPILATION_MODE = wholemodule;
				SWIFT_OPTIMIZATION_LEVEL = "-O";
				VALIDATE_PRODUCT = YES;
			};
			name = Release;
		};
		84B81AE12862EA72006B045E /* Debug */ = {
			isa = XCBuildConfiguration;
			buildSettings = {
				ASSETCATALOG_COMPILER_APPICON_NAME = AppIcon;
				ASSETCATALOG_COMPILER_GLOBAL_ACCENT_COLOR_NAME = AccentColor;
				CODE_SIGN_STYLE = Automatic;
				CURRENT_PROJECT_VERSION = 1;
				DEVELOPMENT_TEAM = XXH56N6WGN;
				GENERATE_INFOPLIST_FILE = YES;
				INFOPLIST_FILE = JatAppTest/Info.plist;
				INFOPLIST_KEY_UIApplicationSupportsIndirectInputEvents = YES;
				INFOPLIST_KEY_UILaunchStoryboardName = LaunchScreen;
				INFOPLIST_KEY_UISupportedInterfaceOrientations = UIInterfaceOrientationPortrait;
				INFOPLIST_KEY_UISupportedInterfaceOrientations_iPad = "UIInterfaceOrientationPortrait UIInterfaceOrientationPortraitUpsideDown UIInterfaceOrientationLandscapeLeft UIInterfaceOrientationLandscapeRight";
				INFOPLIST_KEY_UISupportedInterfaceOrientations_iPhone = "UIInterfaceOrientationPortrait UIInterfaceOrientationLandscapeLeft UIInterfaceOrientationLandscapeRight";
				LD_RUNPATH_SEARCH_PATHS = (
					"$(inherited)",
					"@executable_path/Frameworks",
				);
				MARKETING_VERSION = 1.0;
				PRODUCT_BUNDLE_IDENTIFIER = mykailo.tseitlin.JatAppTest;
				PRODUCT_NAME = "$(TARGET_NAME)";
				SWIFT_EMIT_LOC_STRINGS = YES;
				SWIFT_VERSION = 5.0;
				TARGETED_DEVICE_FAMILY = "1,2";
			};
			name = Debug;
		};
		84B81AE22862EA72006B045E /* Release */ = {
			isa = XCBuildConfiguration;
			buildSettings = {
				ASSETCATALOG_COMPILER_APPICON_NAME = AppIcon;
				ASSETCATALOG_COMPILER_GLOBAL_ACCENT_COLOR_NAME = AccentColor;
				CODE_SIGN_STYLE = Automatic;
				CURRENT_PROJECT_VERSION = 1;
				DEVELOPMENT_TEAM = XXH56N6WGN;
				GENERATE_INFOPLIST_FILE = YES;
				INFOPLIST_FILE = JatAppTest/Info.plist;
				INFOPLIST_KEY_UIApplicationSupportsIndirectInputEvents = YES;
				INFOPLIST_KEY_UILaunchStoryboardName = LaunchScreen;
				INFOPLIST_KEY_UISupportedInterfaceOrientations = UIInterfaceOrientationPortrait;
				INFOPLIST_KEY_UISupportedInterfaceOrientations_iPad = "UIInterfaceOrientationPortrait UIInterfaceOrientationPortraitUpsideDown UIInterfaceOrientationLandscapeLeft UIInterfaceOrientationLandscapeRight";
				INFOPLIST_KEY_UISupportedInterfaceOrientations_iPhone = "UIInterfaceOrientationPortrait UIInterfaceOrientationLandscapeLeft UIInterfaceOrientationLandscapeRight";
				LD_RUNPATH_SEARCH_PATHS = (
					"$(inherited)",
					"@executable_path/Frameworks",
				);
				MARKETING_VERSION = 1.0;
				PRODUCT_BUNDLE_IDENTIFIER = mykailo.tseitlin.JatAppTest;
				PRODUCT_NAME = "$(TARGET_NAME)";
				SWIFT_EMIT_LOC_STRINGS = YES;
				SWIFT_VERSION = 5.0;
				TARGETED_DEVICE_FAMILY = "1,2";
			};
			name = Release;
		};
/* End XCBuildConfiguration section */

/* Begin XCConfigurationList section */
		84B81AC72862EA70006B045E /* Build configuration list for PBXProject "JatAppTest" */ = {
			isa = XCConfigurationList;
			buildConfigurations = (
				84B81ADE2862EA72006B045E /* Debug */,
				84B81ADF2862EA72006B045E /* Release */,
			);
			defaultConfigurationIsVisible = 0;
			defaultConfigurationName = Release;
		};
		84B81AE02862EA72006B045E /* Build configuration list for PBXNativeTarget "JatAppTest" */ = {
			isa = XCConfigurationList;
			buildConfigurations = (
				84B81AE12862EA72006B045E /* Debug */,
				84B81AE22862EA72006B045E /* Release */,
			);
			defaultConfigurationIsVisible = 0;
			defaultConfigurationName = Release;
		};
/* End XCConfigurationList section */
	};
	rootObject = 84B81AC42862EA70006B045E /* Project object */;
}
